
Microsoft Visual Studio Solution File, Format Version 12.00
# Visual Studio Version 16
VisualStudioVersion = 16.0.32413.511
MinimumVisualStudioVersion = 10.0.40219.1
Project("{FAE04EC0-301F-11D3-BF4B-00C04F79EFBC}") = "Apitestailua", "Apitestailua\Apitestailua.csproj", "{2416E371-8405-4F36-BF51-F4A0E57C3338}"
EndProject
Global
	GlobalSection(SolutionConfigurationPlatforms) = preSolution
		Debug|Any CPU = Debug|Any CPU
		Release|Any CPU = Release|Any CPU
	EndGlobalSection
	GlobalSection(ProjectConfigurationPlatforms) = postSolution
		{2416E371-8405-4F36-BF51-F4A0E57C3338}.Debug|Any CPU.ActiveCfg = Debug|Any CPU
		{2416E371-8405-4F36-BF51-F4A0E57C3338}.Debug|Any CPU.Build.0 = Debug|Any CPU
		{2416E371-8405-4F36-BF51-F4A0E57C3338}.Release|Any CPU.ActiveCfg = Release|Any CPU
		{2416E371-8405-4F36-BF51-F4A0E57C3338}.Release|Any CPU.Build.0 = Release|Any CPU
	EndGlobalSection
	GlobalSection(SolutionProperties) = preSolution
		HideSolutionNode = FALSE
	EndGlobalSection
	GlobalSection(ExtensibilityGlobals) = postSolution
		SolutionGuid = {78355DBE-F756-4562-A97A-07BC9DBB1B71}
	EndGlobalSection
EndGlobal
